<?xml version="1.0" encoding="UTF-8" standalone="yes" ?>
<CodeBlocks_project_file>
	<FileVersion major="1" minor="6" />
	<Project>
		<Option title="snd_qf" />
		<Option makefile_is_custom="1" />
		<Option pch_mode="2" />
		<Option compiler="gcc" />
		<Build>
			<Target title="Debug">
				<Option type="4" />
				<Option compiler="gcc" />
				<Compiler>
					<Add option="-O2" />
					<Add option="-W" />
					<Add option="-DWIN32" />
					<Add option="-DNDEBUG" />
					<Add option="-D_WINDOWS" />
				</Compiler>
				<Linker>
					<Add library="winmm" />
				</Linker>
				<MakeCommands>
					<Build command="DEBUG_BUILD=YES $make -C ../ -f $makefile qf" />
					<CompileFile command="DEBUG_BUILD=YES $make -C ../ -f $makefile $file" />
					<Clean command="DEBUG_BUILD=YES $make -C ../ -f $makefile clean-qf" />
					<DistClean command="DEBUG_BUILD=YES $make -C ../ -f $makefile distclean-qf" />
				</MakeCommands>
			</Target>
			<Target title="Debug MinGW">
				<Option type="4" />
				<Option compiler="gcc" />
				<Compiler>
					<Add option="-O2" />
					<Add option="-W" />
					<Add option="-DWIN32" />
					<Add option="-DNDEBUG" />
					<Add option="-D_WINDOWS" />
				</Compiler>
				<Linker>
					<Add library="winmm" />
				</Linker>
				<MakeCommands>
					<Build command="USE_MINGW=YES DEBUG_BUILD=YES $make -C ../ -f $makefile qf" />
					<CompileFile command="USE_MINGW=YES DEBUG_BUILD=YES $make -C ../ -f $makefile $file" />
					<Clean command="USE_MINGW=YES DEBUG_BUILD=YES $make -C ../ -f $makefile clean-qf" />
					<DistClean command="USE_MINGW=YES DEBUG_BUILD=YES $make -C ../ -f $makefile distclean-qf" />
				</MakeCommands>
			</Target>
			<Target title="Release">
				<Option type="4" />
				<Option compiler="gcc" />
				<Compiler>
					<Add option="-O2" />
					<Add option="-W" />
					<Add option="-DWIN32" />
					<Add option="-DNDEBUG" />
					<Add option="-D_WINDOWS" />
				</Compiler>
				<Linker>
					<Add library="winmm" />
				</Linker>
				<MakeCommands>
					<Build command="DEBUG_BUILD=NO $make -C ../ -f $makefile qf" />
					<CompileFile command="DEBUG_BUILD=NO $make -C ../ -f $makefile $file" />
					<Clean command="DEBUG_BUILD=NO $make -C ../ -f $makefile clean-qf" />
					<DistClean command="DEBUG_BUILD=NO $make -C ../ -f $makefile distclean-qf" />
				</MakeCommands>
			</Target>
			<Target title="Release MinGW">
				<Option type="4" />
				<Option compiler="gcc" />
				<Compiler>
					<Add option="-O2" />
					<Add option="-W" />
					<Add option="-DWIN32" />
					<Add option="-DNDEBUG" />
					<Add option="-D_WINDOWS" />
				</Compiler>
				<Linker>
					<Add library="winmm" />
				</Linker>
				<MakeCommands>
					<Build command="USE_MINGW=YES DEBUG_BUILD=NO $make -C ../ -f $makefile qf" />
					<CompileFile command="USE_MINGW=YES DEBUG_BUILD=NO $make -C ../ -f $makefile $file" />
					<Clean command="USE_MINGW=YES DEBUG_BUILD=NO $make -C ../ -f $makefile clean-qf" />
					<DistClean command="USE_MINGW=YES DEBUG_BUILD=NO $make -C ../ -f $makefile distclean-qf" />
				</MakeCommands>
			</Target>
		</Build>
		<Unit filename="../client/snd_public.h" />
		<Unit filename="../gameshared/config.h" />
		<Unit filename="../gameshared/q_arch.h" />
		<Unit filename="../gameshared/q_collision.h" />
		<Unit filename="../gameshared/q_comref.h" />
		<Unit filename="../gameshared/q_cvar.h" />
		<Unit filename="../gameshared/q_dynvar.h" />
		<Unit filename="../gameshared/q_math.c">
			<Option compilerVar="CC" />
		</Unit>
		<Unit filename="../gameshared/q_math.h" />
		<Unit filename="../gameshared/q_shared.c">
			<Option compilerVar="CC" />
		</Unit>
		<Unit filename="../gameshared/q_shared.h" />
		<Unit filename="snd_dma.c">
			<Option compilerVar="CC" />
		</Unit>
		<Unit filename="snd_local.h" />
		<Unit filename="snd_mem.c">
			<Option compilerVar="CC" />
		</Unit>
		<Unit filename="snd_mix.c">
			<Option compilerVar="CC" />
		</Unit>
		<Unit filename="snd_ogg.c">
			<Option compilerVar="CC" />
		</Unit>
		<Unit filename="snd_qf.def" />
		<Unit filename="snd_syscalls.c">
			<Option compilerVar="CC" />
		</Unit>
		<Unit filename="snd_syscalls.h" />
		<Unit filename="../win32/win_snd.c">
			<Option compilerVar="CC" />
		</Unit>
		<Extensions>
			<code_completion />
			<debugger />
		</Extensions>
	</Project>
</CodeBlocks_project_file>
